# This file is automatically @generated by Cargo.
# It is not intended for manual editing.
version = 3

[[package]]
name = "argparse-rs"
version = "0.1.0"
source = "registry+https://github.com/rust-lang/crates.io-index"
checksum = "86b7375967bd48e55045ca1a346d2babeb5735405010a922325b5e2262f65310"

[[package]]
name = "ls-command"
version = "0.1.0"
dependencies = [
 "argparse-rs",
]
