# This file is automatically @generated by Cargo.
# It is not intended for manual editing.
version = 3

[[package]]
name = "argparse-rs"
version = "0.1.0"
source = "git+https://github.com/joyanedel/argparser-rs#b6e676c3b86774c954ab4c30ce211da5f0a46596"

[[package]]
name = "ls-command"
version = "0.1.0"
dependencies = [
 "argparse-rs",
]
